{
  "version": 4,
  "terraform_version": "1.14.3",
  "serial": 8,
  "lineage": "b9325f2d-9592-51d9-de09-f01d6e8765bd",
  "outputs": {
    "helm_release_name": {
      "value": "tech-challenge",
      "type": "string"
    },
    "namespace_name": {
      "value": "tech-challenge",
      "type": "string"
    }
  },
  "resources": [
    {
      "mode": "managed",
      "type": "helm_release",
      "name": "tech_challenge",
      "provider": "provider[\"registry.terraform.io/hashicorp/helm\"]",
      "instances": [
        {
          "status": "tainted",
          "schema_version": 1,
          "attributes": {
            "atomic": false,
            "chart": "../../helm/tech-challenge",
            "cleanup_on_fail": false,
            "create_namespace": false,
            "dependency_update": false,
            "description": null,
            "devel": null,
            "disable_crd_hooks": false,
            "disable_openapi_validation": false,
            "disable_webhooks": false,
            "force_update": false,
            "id": "tech-challenge",
            "keyring": null,
            "lint": false,
            "manifest": null,
            "max_history": 0,
            "metadata": [
              {
                "app_version": "1.0.0",
                "chart": "tech-challenge",
                "first_deployed": 1768438731,
                "last_deployed": 1768438731,
                "name": "tech-challenge",
                "namespace": "tech-challenge",
                "notes": "",
                "revision": 1,
                "values": "{}",
                "version": "0.1.0"
              }
            ],
            "name": "tech-challenge",
            "namespace": "tech-challenge",
            "pass_credentials": false,
            "postrender": [],
            "recreate_pods": false,
            "render_subchart_notes": true,
            "replace": false,
            "repository": null,
            "repository_ca_file": null,
            "repository_cert_file": null,
            "repository_key_file": null,
            "repository_password": null,
            "repository_username": null,
            "reset_values": false,
            "reuse_values": false,
            "set": [],
            "set_list": [],
            "set_sensitive": [],
            "skip_crds": false,
            "status": "failed",
            "timeout": 300,
            "upgrade_install": null,
            "values": null,
            "verify": false,
            "version": "0.1.0",
            "wait": true,
            "wait_for_jobs": false
          },
          "sensitive_attributes": [
            [
              {
                "type": "get_attr",
                "value": "repository_password"
              }
            ]
          ],
          "identity_schema_version": 0,
          "private": "eyJzY2hlbWFfdmVyc2lvbiI6IjEifQ==",
          "dependencies": [
            "kubernetes_namespace.tech_challenge"
          ]
        }
      ]
    },
    {
      "mode": "managed",
      "type": "kubernetes_namespace",
      "name": "tech_challenge",
      "provider": "provider[\"registry.terraform.io/hashicorp/kubernetes\"]",
      "instances": [
        {
          "schema_version": 0,
          "attributes": {
            "id": "tech-challenge",
            "metadata": [
              {
                "annotations": {},
                "generate_name": "",
                "generation": 0,
                "labels": {},
                "name": "tech-challenge",
                "resource_version": "1060",
                "uid": "78b222df-89bd-4169-9ef6-1b8338da202b"
              }
            ],
            "timeouts": null,
            "wait_for_default_service_account": false
          },
          "sensitive_attributes": [],
          "identity_schema_version": 1,
          "identity": {
            "api_version": "v1",
            "kind": "Namespace",
            "name": "tech-challenge"
          },
          "private": "eyJlMmJmYjczMC1lY2FhLTExZTYtOGY4OC0zNDM2M2JjN2M0YzAiOnsiZGVsZXRlIjozMDAwMDAwMDAwMDB9fQ=="
        }
      ]
    }
  ],
  "check_results": null
}
